// !$*UTF8*$!
{
	archiveVersion = 1;
	classes = {
	};
	objectVersion = 55;
	objects = {

/* Begin PBXBuildFile section */
		757DBE6E281E14D800AE30F2 /* LibWallyCocoapodsSampleApp.swift in Sources */ = {isa = PBXBuildFile; fileRef = 757DBE6D281E14D800AE30F2 /* LibWallyCocoapodsSampleApp.swift */; };
		757DBE70281E14D800AE30F2 /* ContentView.swift in Sources */ = {isa = PBXBuildFile; fileRef = 757DBE6F281E14D800AE30F2 /* ContentView.swift */; };
		757DBE72281E14D900AE30F2 /* Assets.xcassets in Resources */ = {isa = PBXBuildFile; fileRef = 757DBE71281E14D900AE30F2 /* Assets.xcassets */; };
		757DBE75281E14D900AE30F2 /* Preview Assets.xcassets in Resources */ = {isa = PBXBuildFile; fileRef = 757DBE74281E14D900AE30F2 /* Preview Assets.xcassets */; };
		757DBE7F281E14D900AE30F2 /* LibWallyCocoapodsSampleTests.swift in Sources */ = {isa = PBXBuildFile; fileRef = 757DBE7E281E14D900AE30F2 /* LibWallyCocoapodsSampleTests.swift */; };
		757DBE89281E14D900AE30F2 /* LibWallyCocoapodsSampleUITests.swift in Sources */ = {isa = PBXBuildFile; fileRef = 757DBE88281E14D900AE30F2 /* LibWallyCocoapodsSampleUITests.swift */; };
		757DBE8B281E14D900AE30F2 /* LibWallyCocoapodsSampleUITestsLaunchTests.swift in Sources */ = {isa = PBXBuildFile; fileRef = 757DBE8A281E14D900AE30F2 /* LibWallyCocoapodsSampleUITestsLaunchTests.swift */; };
/* End PBXBuildFile section */

/* Begin PBXContainerItemProxy section */
		757DBE7B281E14D900AE30F2 /* PBXContainerItemProxy */ = {
			isa = PBXContainerItemProxy;
			containerPortal = 757DBE62281E14D800AE30F2 /* Project object */;
			proxyType = 1;
			remoteGlobalIDString = 757DBE69281E14D800AE30F2;
			remoteInfo = LibWallyCocoapodsSample;
		};
		757DBE85281E14D900AE30F2 /* PBXContainerItemProxy */ = {
			isa = PBXContainerItemProxy;
			containerPortal = 757DBE62281E14D800AE30F2 /* Project object */;
			proxyType = 1;
			remoteGlobalIDString = 757DBE69281E14D800AE30F2;
			remoteInfo = LibWallyCocoapodsSample;
		};
/* End PBXContainerItemProxy section */

/* Begin PBXFileReference section */
		757DBE6A281E14D800AE30F2 /* LibWallyCocoapodsSample.app */ = {isa = PBXFileReference; explicitFileType = wrapper.application; includeInIndex = 0; path = LibWallyCocoapodsSample.app; sourceTree = BUILT_PRODUCTS_DIR; };
		757DBE6D281E14D800AE30F2 /* LibWallyCocoapodsSampleApp.swift */ = {isa = PBXFileReference; lastKnownFileType = sourcecode.swift; path = LibWallyCocoapodsSampleApp.swift; sourceTree = "<group>"; };
		757DBE6F281E14D800AE30F2 /* ContentView.swift */ = {isa = PBXFileReference; lastKnownFileType = sourcecode.swift; path = ContentView.swift; sourceTree = "<group>"; };
		757DBE71281E14D900AE30F2 /* Assets.xcassets */ = {isa = PBXFileReference; lastKnownFileType = folder.assetcatalog; path = Assets.xcassets; sourceTree = "<group>"; };
		757DBE74281E14D900AE30F2 /* Preview Assets.xcassets */ = {isa = PBXFileReference; lastKnownFileType = folder.assetcatalog; path = "Preview Assets.xcassets"; sourceTree = "<group>"; };
		757DBE7A281E14D900AE30F2 /* LibWallyCocoapodsSampleTests.xctest */ = {isa = PBXFileReference; explicitFileType = wrapper.cfbundle; includeInIndex = 0; path = LibWallyCocoapodsSampleTests.xctest; sourceTree = BUILT_PRODUCTS_DIR; };
		757DBE7E281E14D900AE30F2 /* LibWallyCocoapodsSampleTests.swift */ = {isa = PBXFileReference; lastKnownFileType = sourcecode.swift; path = LibWallyCocoapodsSampleTests.swift; sourceTree = "<group>"; };
		757DBE84281E14D900AE30F2 /* LibWallyCocoapodsSampleUITests.xctest */ = {isa = PBXFileReference; explicitFileType = wrapper.cfbundle; includeInIndex = 0; path = LibWallyCocoapodsSampleUITests.xctest; sourceTree = BUILT_PRODUCTS_DIR; };
		757DBE88281E14D900AE30F2 /* LibWallyCocoapodsSampleUITests.swift */ = {isa = PBXFileReference; lastKnownFileType = sourcecode.swift; path = LibWallyCocoapodsSampleUITests.swift; sourceTree = "<group>"; };
		757DBE8A281E14D900AE30F2 /* LibWallyCocoapodsSampleUITestsLaunchTests.swift */ = {isa = PBXFileReference; lastKnownFileType = sourcecode.swift; path = LibWallyCocoapodsSampleUITestsLaunchTests.swift; sourceTree = "<group>"; };
/* End PBXFileReference section */

/* Begin PBXFrameworksBuildPhase section */
		757DBE67281E14D800AE30F2 /* Frameworks */ = {
			isa = PBXFrameworksBuildPhase;
			buildActionMask = 2147483647;
			files = (
			);
			runOnlyForDeploymentPostprocessing = 0;
		};
		757DBE77281E14D900AE30F2 /* Frameworks */ = {
			isa = PBXFrameworksBuildPhase;
			buildActionMask = 2147483647;
			files = (
			);
			runOnlyForDeploymentPostprocessing = 0;
		};
		757DBE81281E14D900AE30F2 /* Frameworks */ = {
			isa = PBXFrameworksBuildPhase;
			buildActionMask = 2147483647;
			files = (
			);
			runOnlyForDeploymentPostprocessing = 0;
		};
/* End PBXFrameworksBuildPhase section */

/* Begin PBXGroup section */
		757DBE61281E14D800AE30F2 = {
			isa = PBXGroup;
			children = (
				757DBE6C281E14D800AE30F2 /* LibWallyCocoapodsSample */,
				757DBE7D281E14D900AE30F2 /* LibWallyCocoapodsSampleTests */,
				757DBE87281E14D900AE30F2 /* LibWallyCocoapodsSampleUITests */,
				757DBE6B281E14D800AE30F2 /* Products */,
			);
			sourceTree = "<group>";
		};
		757DBE6B281E14D800AE30F2 /* Products */ = {
			isa = PBXGroup;
			children = (
				757DBE6A281E14D800AE30F2 /* LibWallyCocoapodsSample.app */,
				757DBE7A281E14D900AE30F2 /* LibWallyCocoapodsSampleTests.xctest */,
				757DBE84281E14D900AE30F2 /* LibWallyCocoapodsSampleUITests.xctest */,
			);
			name = Products;
			sourceTree = "<group>";
		};
		757DBE6C281E14D800AE30F2 /* LibWallyCocoapodsSample */ = {
			isa = PBXGroup;
			children = (
				757DBE6D281E14D800AE30F2 /* LibWallyCocoapodsSampleApp.swift */,
				757DBE6F281E14D800AE30F2 /* ContentView.swift */,
				757DBE71281E14D900AE30F2 /* Assets.xcassets */,
				757DBE73281E14D900AE30F2 /* Preview Content */,
			);
			path = LibWallyCocoapodsSample;
			sourceTree = "<group>";
		};
		757DBE73281E14D900AE30F2 /* Preview Content */ = {
			isa = PBXGroup;
			children = (
				757DBE74281E14D900AE30F2 /* Preview Assets.xcassets */,
			);
			path = "Preview Content";
			sourceTree = "<group>";
		};
		757DBE7D281E14D900AE30F2 /* LibWallyCocoapodsSampleTests */ = {
			isa = PBXGroup;
			children = (
				757DBE7E281E14D900AE30F2 /* LibWallyCocoapodsSampleTests.swift */,
			);
			path = LibWallyCocoapodsSampleTests;
			sourceTree = "<group>";
		};
		757DBE87281E14D900AE30F2 /* LibWallyCocoapodsSampleUITests */ = {
			isa = PBXGroup;
			children = (
				757DBE88281E14D900AE30F2 /* LibWallyCocoapodsSampleUITests.swift */,
				757DBE8A281E14D900AE30F2 /* LibWallyCocoapodsSampleUITestsLaunchTests.swift */,
			);
			path = LibWallyCocoapodsSampleUITests;
			sourceTree = "<group>";
		};
/* End PBXGroup section */

/* Begin PBXNativeTarget section */
		757DBE69281E14D800AE30F2 /* LibWallyCocoapodsSample */ = {
			isa = PBXNativeTarget;
			buildConfigurationList = 757DBE8E281E14D900AE30F2 /* Build configuration list for PBXNativeTarget "LibWallyCocoapodsSample" */;
			buildPhases = (
				757DBE66281E14D800AE30F2 /* Sources */,
				757DBE67281E14D800AE30F2 /* Frameworks */,
				757DBE68281E14D800AE30F2 /* Resources */,
			);
			buildRules = (
			);
			dependencies = (
			);
			name = LibWallyCocoapodsSample;
			productName = LibWallyCocoapodsSample;
			productReference = 757DBE6A281E14D800AE30F2 /* LibWallyCocoapodsSample.app */;
			productType = "com.apple.product-type.application";
		};
		757DBE79281E14D900AE30F2 /* LibWallyCocoapodsSampleTests */ = {
			isa = PBXNativeTarget;
			buildConfigurationList = 757DBE91281E14D900AE30F2 /* Build configuration list for PBXNativeTarget "LibWallyCocoapodsSampleTests" */;
			buildPhases = (
				757DBE76281E14D900AE30F2 /* Sources */,
				757DBE77281E14D900AE30F2 /* Frameworks */,
				757DBE78281E14D900AE30F2 /* Resources */,
			);
			buildRules = (
			);
			dependencies = (
				757DBE7C281E14D900AE30F2 /* PBXTargetDependency */,
			);
			name = LibWallyCocoapodsSampleTests;
			productName = LibWallyCocoapodsSampleTests;
			productReference = 757DBE7A281E14D900AE30F2 /* LibWallyCocoapodsSampleTests.xctest */;
			productType = "com.apple.product-type.bundle.unit-test";
		};
		757DBE83281E14D900AE30F2 /* LibWallyCocoapodsSampleUITests */ = {
			isa = PBXNativeTarget;
			buildConfigurationList = 757DBE94281E14D900AE30F2 /* Build configuration list for PBXNativeTarget "LibWallyCocoapodsSampleUITests" */;
			buildPhases = (
				757DBE80281E14D900AE30F2 /* Sources */,
				757DBE81281E14D900AE30F2 /* Frameworks */,
				757DBE82281E14D900AE30F2 /* Resources */,
			);
			buildRules = (
			);
			dependencies = (
				757DBE86281E14D900AE30F2 /* PBXTargetDependency */,
			);
			name = LibWallyCocoapodsSampleUITests;
			productName = LibWallyCocoapodsSampleUITests;
			productReference = 757DBE84281E14D900AE30F2 /* LibWallyCocoapodsSampleUITests.xctest */;
			productType = "com.apple.product-type.bundle.ui-testing";
		};
/* End PBXNativeTarget section */

/* Begin PBXProject section */
		757DBE62281E14D800AE30F2 /* Project object */ = {
			isa = PBXProject;
			attributes = {
				BuildIndependentTargetsInParallel = 1;
				LastSwiftUpdateCheck = 1320;
				LastUpgradeCheck = 1320;
				TargetAttributes = {
					757DBE69281E14D800AE30F2 = {
						CreatedOnToolsVersion = 13.2.1;
					};
					757DBE79281E14D900AE30F2 = {
						CreatedOnToolsVersion = 13.2.1;
						TestTargetID = 757DBE69281E14D800AE30F2;
					};
					757DBE83281E14D900AE30F2 = {
						CreatedOnToolsVersion = 13.2.1;
						TestTargetID = 757DBE69281E14D800AE30F2;
					};
				};
			};
			buildConfigurationList = 757DBE65281E14D800AE30F2 /* Build configuration list for PBXProject "LibWallyCocoapodsSample" */;
			compatibilityVersion = "Xcode 13.0";
			developmentRegion = en;
			hasScannedForEncodings = 0;
			knownRegions = (
				en,
				Base,
			);
			mainGroup = 757DBE61281E14D800AE30F2;
			productRefGroup = 757DBE6B281E14D800AE30F2 /* Products */;
			projectDirPath = "";
			projectRoot = "";
			targets = (
				757DBE69281E14D800AE30F2 /* LibWallyCocoapodsSample */,
				757DBE79281E14D900AE30F2 /* LibWallyCocoapodsSampleTests */,
				757DBE83281E14D900AE30F2 /* LibWallyCocoapodsSampleUITests */,
			);
		};
/* End PBXProject section */

/* Begin PBXResourcesBuildPhase section */
		757DBE68281E14D800AE30F2 /* Resources */ = {
			isa = PBXResourcesBuildPhase;
			buildActionMask = 2147483647;
			files = (
				757DBE75281E14D900AE30F2 /* Preview Assets.xcassets in Resources */,
				757DBE72281E14D900AE30F2 /* Assets.xcassets in Resources */,
			);
			runOnlyForDeploymentPostprocessing = 0;
		};
		757DBE78281E14D900AE30F2 /* Resources */ = {
			isa = PBXResourcesBuildPhase;
			buildActionMask = 2147483647;
			files = (
			);
			runOnlyForDeploymentPostprocessing = 0;
		};
		757DBE82281E14D900AE30F2 /* Resources */ = {
			isa = PBXResourcesBuildPhase;
			buildActionMask = 2147483647;
			files = (
			);
			runOnlyForDeploymentPostprocessing = 0;
		};
/* End PBXResourcesBuildPhase section */

/* Begin PBXSourcesBuildPhase section */
		757DBE66281E14D800AE30F2 /* Sources */ = {
			isa = PBXSourcesBuildPhase;
			buildActionMask = 2147483647;
			files = (
				757DBE70281E14D800AE30F2 /* ContentView.swift in Sources */,
				757DBE6E281E14D800AE30F2 /* LibWallyCocoapodsSampleApp.swift in Sources */,
			);
			runOnlyForDeploymentPostprocessing = 0;
		};
		757DBE76281E14D900AE30F2 /* Sources */ = {
			isa = PBXSourcesBuildPhase;
			buildActionMask = 2147483647;
			files = (
				757DBE7F281E14D900AE30F2 /* LibWallyCocoapodsSampleTests.swift in Sources */,
			);
			runOnlyForDeploymentPostprocessing = 0;
		};
		757DBE80281E14D900AE30F2 /* Sources */ = {
			isa = PBXSourcesBuildPhase;
			buildActionMask = 2147483647;
			files = (
				757DBE8B281E14D900AE30F2 /* LibWallyCocoapodsSampleUITestsLaunchTests.swift in Sources */,
				757DBE89281E14D900AE30F2 /* LibWallyCocoapodsSampleUITests.swift in Sources */,
			);
			runOnlyForDeploymentPostprocessing = 0;
		};
/* End PBXSourcesBuildPhase section */

/* Begin PBXTargetDependency section */
		757DBE7C281E14D900AE30F2 /* PBXTargetDependency */ = {
			isa = PBXTargetDependency;
			target = 757DBE69281E14D800AE30F2 /* LibWallyCocoapodsSample */;
			targetProxy = 757DBE7B281E14D900AE30F2 /* PBXContainerItemProxy */;
		};
		757DBE86281E14D900AE30F2 /* PBXTargetDependency */ = {
			isa = PBXTargetDependency;
			target = 757DBE69281E14D800AE30F2 /* LibWallyCocoapodsSample */;
			targetProxy = 757DBE85281E14D900AE30F2 /* PBXContainerItemProxy */;
		};
/* End PBXTargetDependency section */

/* Begin XCBuildConfiguration section */
		757DBE8C281E14D900AE30F2 /* Debug */ = {
			isa = XCBuildConfiguration;
			buildSettings = {
				ALWAYS_SEARCH_USER_PATHS = NO;
				CLANG_ANALYZER_NONNULL = YES;
				CLANG_ANALYZER_NUMBER_OBJECT_CONVERSION = YES_AGGRESSIVE;
				CLANG_CXX_LANGUAGE_STANDARD = "gnu++17";
				CLANG_CXX_LIBRARY = "libc++";
				CLANG_ENABLE_MODULES = YES;
				CLANG_ENABLE_OBJC_ARC = YES;
				CLANG_ENABLE_OBJC_WEAK = YES;
				CLANG_WARN_BLOCK_CAPTURE_AUTORELEASING = YES;
				CLANG_WARN_BOOL_CONVERSION = YES;
				CLANG_WARN_COMMA = YES;
				CLANG_WARN_CONSTANT_CONVERSION = YES;
				CLANG_WARN_DEPRECATED_OBJC_IMPLEMENTATIONS = YES;
				CLANG_WARN_DIRECT_OBJC_ISA_USAGE = YES_ERROR;
				CLANG_WARN_DOCUMENTATION_COMMENTS = YES;
				CLANG_WARN_EMPTY_BODY = YES;
				CLANG_WARN_ENUM_CONVERSION = YES;
				CLANG_WARN_INFINITE_RECURSION = YES;
				CLANG_WARN_INT_CONVERSION = YES;
				CLANG_WARN_NON_LITERAL_NULL_CONVERSION = YES;
				CLANG_WARN_OBJC_IMPLICIT_RETAIN_SELF = YES;
				CLANG_WARN_OBJC_LITERAL_CONVERSION = YES;
				CLANG_WARN_OBJC_ROOT_CLASS = YES_ERROR;
				CLANG_WARN_QUOTED_INCLUDE_IN_FRAMEWORK_HEADER = YES;
				CLANG_WARN_RANGE_LOOP_ANALYSIS = YES;
				CLANG_WARN_STRICT_PROTOTYPES = YES;
				CLANG_WARN_SUSPICIOUS_MOVE = YES;
				CLANG_WARN_UNGUARDED_AVAILABILITY = YES_AGGRESSIVE;
				CLANG_WARN_UNREACHABLE_CODE = YES;
				CLANG_WARN__DUPLICATE_METHOD_MATCH = YES;
				COPY_PHASE_STRIP = NO;
				DEBUG_INFORMATION_FORMAT = dwarf;
				ENABLE_STRICT_OBJC_MSGSEND = YES;
				ENABLE_TESTABILITY = YES;
				GCC_C_LANGUAGE_STANDARD = gnu11;
				GCC_DYNAMIC_NO_PIC = NO;
				GCC_NO_COMMON_BLOCKS = YES;
				GCC_OPTIMIZATION_LEVEL = 0;
				GCC_PREPROCESSOR_DEFINITIONS = (
					"DEBUG=1",
					"$(inherited)",
				);
				GCC_WARN_64_TO_32_BIT_CONVERSION = YES;
				GCC_WARN_ABOUT_RETURN_TYPE = YES_ERROR;
				GCC_WARN_UNDECLARED_SELECTOR = YES;
				GCC_WARN_UNINITIALIZED_AUTOS = YES_AGGRESSIVE;
				GCC_WARN_UNUSED_FUNCTION = YES;
				GCC_WARN_UNUSED_VARIABLE = YES;
				IPHONEOS_DEPLOYMENT_TARGET = 15.2;
				MTL_ENABLE_DEBUG_INFO = INCLUDE_SOURCE;
				MTL_FAST_MATH = YES;
				ONLY_ACTIVE_ARCH = YES;
				SDKROOT = iphoneos;
				SWIFT_ACTIVE_COMPILATION_CONDITIONS = DEBUG;
				SWIFT_OPTIMIZATION_LEVEL = "-Onone";
			};
			name = Debug;
		};
		757DBE8D281E14D900AE30F2 /* Release */ = {
			isa = XCBuildConfiguration;
			buildSettings = {
				ALWAYS_SEARCH_USER_PATHS = NO;
				CLANG_ANALYZER_NONNULL = YES;
				CLANG_ANALYZER_NUMBER_OBJECT_CONVERSION = YES_AGGRESSIVE;
				CLANG_CXX_LANGUAGE_STANDARD = "gnu++17";
				CLANG_CXX_LIBRARY = "libc++";
				CLANG_ENABLE_MODULES = YES;
				CLANG_ENABLE_OBJC_ARC = YES;
				CLANG_ENABLE_OBJC_WEAK = YES;
				CLANG_WARN_BLOCK_CAPTURE_AUTORELEASING = YES;
				CLANG_WARN_BOOL_CONVERSION = YES;
				CLANG_WARN_COMMA = YES;
				CLANG_WARN_CONSTANT_CONVERSION = YES;
				CLANG_WARN_DEPRECATED_OBJC_IMPLEMENTATIONS = YES;
				CLANG_WARN_DIRECT_OBJC_ISA_USAGE = YES_ERROR;
				CLANG_WARN_DOCUMENTATION_COMMENTS = YES;
				CLANG_WARN_EMPTY_BODY = YES;
				CLANG_WARN_ENUM_CONVERSION = YES;
				CLANG_WARN_INFINITE_RECURSION = YES;
				CLANG_WARN_INT_CONVERSION = YES;
				CLANG_WARN_NON_LITERAL_NULL_CONVERSION = YES;
				CLANG_WARN_OBJC_IMPLICIT_RETAIN_SELF = YES;
				CLANG_WARN_OBJC_LITERAL_CONVERSION = YES;
				CLANG_WARN_OBJC_ROOT_CLASS = YES_ERROR;
				CLANG_WARN_QUOTED_INCLUDE_IN_FRAMEWORK_HEADER = YES;
				CLANG_WARN_RANGE_LOOP_ANALYSIS = YES;
				CLANG_WARN_STRICT_PROTOTYPES = YES;
				CLANG_WARN_SUSPICIOUS_MOVE = YES;
				CLANG_WARN_UNGUARDED_AVAILABILITY = YES_AGGRESSIVE;
				CLANG_WARN_UNREACHABLE_CODE = YES;
				CLANG_WARN__DUPLICATE_METHOD_MATCH = YES;
				COPY_PHASE_STRIP = NO;
				DEBUG_INFORMATION_FORMAT = "dwarf-with-dsym";
				ENABLE_NS_ASSERTIONS = NO;
				ENABLE_STRICT_OBJC_MSGSEND = YES;
				GCC_C_LANGUAGE_STANDARD = gnu11;
				GCC_NO_COMMON_BLOCKS = YES;
				GCC_WARN_64_TO_32_BIT_CONVERSION = YES;
				GCC_WARN_ABOUT_RETURN_TYPE = YES_ERROR;
				GCC_WARN_UNDECLARED_SELECTOR = YES;
				GCC_WARN_UNINITIALIZED_AUTOS = YES_AGGRESSIVE;
				GCC_WARN_UNUSED_FUNCTION = YES;
				GCC_WARN_UNUSED_VARIABLE = YES;
				IPHONEOS_DEPLOYMENT_TARGET = 15.2;
				MTL_ENABLE_DEBUG_INFO = NO;
				MTL_FAST_MATH = YES;
				SDKROOT = iphoneos;
				SWIFT_COMPILATION_MODE = wholemodule;
				SWIFT_OPTIMIZATION_LEVEL = "-O";
				VALIDATE_PRODUCT = YES;
			};
			name = Release;
		};
		757DBE8F281E14D900AE30F2 /* Debug */ = {
			isa = XCBuildConfiguration;
			buildSettings = {
				ASSETCATALOG_COMPILER_APPICON_NAME = AppIcon;
				ASSETCATALOG_COMPILER_GLOBAL_ACCENT_COLOR_NAME = AccentColor;
				CODE_SIGN_STYLE = Automatic;
				CURRENT_PROJECT_VERSION = 1;
				DEVELOPMENT_ASSET_PATHS = "\"LibWallyCocoapodsSample/Preview Content\"";
				ENABLE_PREVIEWS = YES;
				GENERATE_INFOPLIST_FILE = YES;
				INFOPLIST_KEY_UIApplicationSceneManifest_Generation = YES;
				INFOPLIST_KEY_UIApplicationSupportsIndirectInputEvents = YES;
				INFOPLIST_KEY_UILaunchScreen_Generation = YES;
				INFOPLIST_KEY_UISupportedInterfaceOrientations_iPad = "UIInterfaceOrientationPortrait UIInterfaceOrientationPortraitUpsideDown UIInterfaceOrientationLandscapeLeft UIInterfaceOrientationLandscapeRight";
				INFOPLIST_KEY_UISupportedInterfaceOrientations_iPhone = "UIInterfaceOrientationPortrait UIInterfaceOrientationLandscapeLeft UIInterfaceOrientationLandscapeRight";
				LD_RUNPATH_SEARCH_PATHS = (
					"$(inherited)",
					"@executable_path/Frameworks",
				);
				MARKETING_VERSION = 1.0;
				PRODUCT_BUNDLE_IDENTIFIER = co.undertide.LibWallyCocoapodsSample;
				PRODUCT_NAME = "$(TARGET_NAME)";
				SWIFT_EMIT_LOC_STRINGS = YES;
				SWIFT_VERSION = 5.0;
				TARGETED_DEVICE_FAMILY = "1,2";
			};
			name = Debug;
		};
		757DBE90281E14D900AE30F2 /* Release */ = {
			isa = XCBuildConfiguration;
			buildSettings = {
				ASSETCATALOG_COMPILER_APPICON_NAME = AppIcon;
				ASSETCATALOG_COMPILER_GLOBAL_ACCENT_COLOR_NAME = AccentColor;
				CODE_SIGN_STYLE = Automatic;
				CURRENT_PROJECT_VERSION = 1;
				DEVELOPMENT_ASSET_PATHS = "\"LibWallyCocoapodsSample/Preview Content\"";
				ENABLE_PREVIEWS = YES;
				GENERATE_INFOPLIST_FILE = YES;
				INFOPLIST_KEY_UIApplicationSceneManifest_Generation = YES;
				INFOPLIST_KEY_UIApplicationSupportsIndirectInputEvents = YES;
				INFOPLIST_KEY_UILaunchScreen_Generation = YES;
				INFOPLIST_KEY_UISupportedInterfaceOrientations_iPad = "UIInterfaceOrientationPortrait UIInterfaceOrientationPortraitUpsideDown UIInterfaceOrientationLandscapeLeft UIInterfaceOrientationLandscapeRight";
				INFOPLIST_KEY_UISupportedInterfaceOrientations_iPhone = "UIInterfaceOrientationPortrait UIInterfaceOrientationLandscapeLeft UIInterfaceOrientationLandscapeRight";
				LD_RUNPATH_SEARCH_PATHS = (
					"$(inherited)",
					"@executable_path/Frameworks",
				);
				MARKETING_VERSION = 1.0;
				PRODUCT_BUNDLE_IDENTIFIER = co.undertide.LibWallyCocoapodsSample;
				PRODUCT_NAME = "$(TARGET_NAME)";
				SWIFT_EMIT_LOC_STRINGS = YES;
				SWIFT_VERSION = 5.0;
				TARGETED_DEVICE_FAMILY = "1,2";
			};
			name = Release;
		};
		757DBE92281E14D900AE30F2 /* Debug */ = {
			isa = XCBuildConfiguration;
			buildSettings = {
				ALWAYS_EMBED_SWIFT_STANDARD_LIBRARIES = YES;
				BUNDLE_LOADER = "$(TEST_HOST)";
				CODE_SIGN_STYLE = Automatic;
				CURRENT_PROJECT_VERSION = 1;
				GENERATE_INFOPLIST_FILE = YES;
				IPHONEOS_DEPLOYMENT_TARGET = 15.2;
				MARKETING_VERSION = 1.0;
				PRODUCT_BUNDLE_IDENTIFIER = co.undertide.LibWallyCocoapodsSampleTests;
				PRODUCT_NAME = "$(TARGET_NAME)";
				SWIFT_EMIT_LOC_STRINGS = NO;
				SWIFT_VERSION = 5.0;
				TARGETED_DEVICE_FAMILY = "1,2";
				TEST_HOST = "$(BUILT_PRODUCTS_DIR)/LibWallyCocoapodsSample.app/LibWallyCocoapodsSample";
			};
			name = Debug;
		};
		757DBE93281E14D900AE30F2 /* Release */ = {
			isa = XCBuildConfiguration;
			buildSettings = {
				ALWAYS_EMBED_SWIFT_STANDARD_LIBRARIES = YES;
				BUNDLE_LOADER = "$(TEST_HOST)";
				CODE_SIGN_STYLE = Automatic;
				CURRENT_PROJECT_VERSION = 1;
				GENERATE_INFOPLIST_FILE = YES;
				IPHONEOS_DEPLOYMENT_TARGET = 15.2;
				MARKETING_VERSION = 1.0;
				PRODUCT_BUNDLE_IDENTIFIER = co.undertide.LibWallyCocoapodsSampleTests;
				PRODUCT_NAME = "$(TARGET_NAME)";
				SWIFT_EMIT_LOC_STRINGS = NO;
				SWIFT_VERSION = 5.0;
				TARGETED_DEVICE_FAMILY = "1,2";
				TEST_HOST = "$(BUILT_PRODUCTS_DIR)/LibWallyCocoapodsSample.app/LibWallyCocoapodsSample";
			};
			name = Release;
		};
		757DBE95281E14D900AE30F2 /* Debug */ = {
			isa = XCBuildConfiguration;
			buildSettings = {
				ALWAYS_EMBED_SWIFT_STANDARD_LIBRARIES = YES;
				CODE_SIGN_STYLE = Automatic;
				CURRENT_PROJECT_VERSION = 1;
				GENERATE_INFOPLIST_FILE = YES;
				MARKETING_VERSION = 1.0;
				PRODUCT_BUNDLE_IDENTIFIER = co.undertide.LibWallyCocoapodsSampleUITests;
				PRODUCT_NAME = "$(TARGET_NAME)";
				SWIFT_EMIT_LOC_STRINGS = NO;
				SWIFT_VERSION = 5.0;
				TARGETED_DEVICE_FAMILY = "1,2";
				TEST_TARGET_NAME = LibWallyCocoapodsSample;
			};
			name = Debug;
		};
		757DBE96281E14D900AE30F2 /* Release */ = {
			isa = XCBuildConfiguration;
			buildSettings = {
				ALWAYS_EMBED_SWIFT_STANDARD_LIBRARIES = YES;
				CODE_SIGN_STYLE = Automatic;
				CURRENT_PROJECT_VERSION = 1;
				GENERATE_INFOPLIST_FILE = YES;
				MARKETING_VERSION = 1.0;
				PRODUCT_BUNDLE_IDENTIFIER = co.undertide.LibWallyCocoapodsSampleUITests;
				PRODUCT_NAME = "$(TARGET_NAME)";
				SWIFT_EMIT_LOC_STRINGS = NO;
				SWIFT_VERSION = 5.0;
				TARGETED_DEVICE_FAMILY = "1,2";
				TEST_TARGET_NAME = LibWallyCocoapodsSample;
			};
			name = Release;
		};
/* End XCBuildConfiguration section */

/* Begin XCConfigurationList section */
		757DBE65281E14D800AE30F2 /* Build configuration list for PBXProject "LibWallyCocoapodsSample" */ = {
			isa = XCConfigurationList;
			buildConfigurations = (
				757DBE8C281E14D900AE30F2 /* Debug */,
				757DBE8D281E14D900AE30F2 /* Release */,
			);
			defaultConfigurationIsVisible = 0;
			defaultConfigurationName = Release;
		};
		757DBE8E281E14D900AE30F2 /* Build configuration list for PBXNativeTarget "LibWallyCocoapodsSample" */ = {
			isa = XCConfigurationList;
			buildConfigurations = (
				757DBE8F281E14D900AE30F2 /* Debug */,
				757DBE90281E14D900AE30F2 /* Release */,
			);
			defaultConfigurationIsVisible = 0;
			defaultConfigurationName = Release;
		};
		757DBE91281E14D900AE30F2 /* Build configuration list for PBXNativeTarget "LibWallyCocoapodsSampleTests" */ = {
			isa = XCConfigurationList;
			buildConfigurations = (
				757DBE92281E14D900AE30F2 /* Debug */,
				757DBE93281E14D900AE30F2 /* Release */,
			);
			defaultConfigurationIsVisible = 0;
			defaultConfigurationName = Release;
		};
		757DBE94281E14D900AE30F2 /* Build configuration list for PBXNativeTarget "LibWallyCocoapodsSampleUITests" */ = {
			isa = XCConfigurationList;
			buildConfigurations = (
				757DBE95281E14D900AE30F2 /* Debug */,
				757DBE96281E14D900AE30F2 /* Release */,
			);
			defaultConfigurationIsVisible = 0;
			defaultConfigurationName = Release;
		};
/* End XCConfigurationList section */
	};
	rootObject = 757DBE62281E14D800AE30F2 /* Project object */;
}
